
Microsoft Visual Studio Solution File, Format Version 12.00
# Visual Studio 14
VisualStudioVersion = 14.0.25420.1
MinimumVisualStudioVersion = 10.0.40219.1
Project("{FAE04EC0-301F-11D3-BF4B-00C04F79EFBC}") = "TestingInterview.WebClient", "TestingInterview.WebClient\TestingInterview.WebClient.csproj", "{E0A1D47F-44AC-40E0-941E-44F1EFD760D5}"
EndProject
Project("{FAE04EC0-301F-11D3-BF4B-00C04F79EFBC}") = "TestingInterview.Data", "..\TestingInterview.Data\TestingInterview.Data.csproj", "{524CF43B-8CE4-4370-8751-185771EFA53A}"
EndProject
Project("{FAE04EC0-301F-11D3-BF4B-00C04F79EFBC}") = "TestingInterview.Testing", "TestingInterview.Testing\TestingInterview.Testing.csproj", "{9FA84163-D44B-4114-B615-DB816BC19966}"
EndProject
Project("{FAE04EC0-301F-11D3-BF4B-00C04F79EFBC}") = "TestingInterview.Services", "TestingInterview.Services\TestingInterview.Services.csproj", "{C55F24F7-1C02-4214-86E4-E41FCF7F45B3}"
EndProject
Global
	GlobalSection(SolutionConfigurationPlatforms) = preSolution
		Debug|Any CPU = Debug|Any CPU
		Release|Any CPU = Release|Any CPU
	EndGlobalSection
	GlobalSection(ProjectConfigurationPlatforms) = postSolution
		{E0A1D47F-44AC-40E0-941E-44F1EFD760D5}.Debug|Any CPU.ActiveCfg = Debug|Any CPU
		{E0A1D47F-44AC-40E0-941E-44F1EFD760D5}.Debug|Any CPU.Build.0 = Debug|Any CPU
		{E0A1D47F-44AC-40E0-941E-44F1EFD760D5}.Release|Any CPU.ActiveCfg = Release|Any CPU
		{E0A1D47F-44AC-40E0-941E-44F1EFD760D5}.Release|Any CPU.Build.0 = Release|Any CPU
		{524CF43B-8CE4-4370-8751-185771EFA53A}.Debug|Any CPU.ActiveCfg = Debug|Any CPU
		{524CF43B-8CE4-4370-8751-185771EFA53A}.Debug|Any CPU.Build.0 = Debug|Any CPU
		{524CF43B-8CE4-4370-8751-185771EFA53A}.Release|Any CPU.ActiveCfg = Release|Any CPU
		{524CF43B-8CE4-4370-8751-185771EFA53A}.Release|Any CPU.Build.0 = Release|Any CPU
		{9FA84163-D44B-4114-B615-DB816BC19966}.Debug|Any CPU.ActiveCfg = Debug|Any CPU
		{9FA84163-D44B-4114-B615-DB816BC19966}.Debug|Any CPU.Build.0 = Debug|Any CPU
		{9FA84163-D44B-4114-B615-DB816BC19966}.Release|Any CPU.ActiveCfg = Release|Any CPU
		{9FA84163-D44B-4114-B615-DB816BC19966}.Release|Any CPU.Build.0 = Release|Any CPU
		{C55F24F7-1C02-4214-86E4-E41FCF7F45B3}.Debug|Any CPU.ActiveCfg = Debug|Any CPU
		{C55F24F7-1C02-4214-86E4-E41FCF7F45B3}.Debug|Any CPU.Build.0 = Debug|Any CPU
		{C55F24F7-1C02-4214-86E4-E41FCF7F45B3}.Release|Any CPU.ActiveCfg = Release|Any CPU
		{C55F24F7-1C02-4214-86E4-E41FCF7F45B3}.Release|Any CPU.Build.0 = Release|Any CPU
	EndGlobalSection
	GlobalSection(SolutionProperties) = preSolution
		HideSolutionNode = FALSE
	EndGlobalSection
EndGlobal
